
Microsoft Visual Studio Solution File, Format Version 12.00
# Visual Studio Version 17
VisualStudioVersion = 17.13.35828.75 d17.13
MinimumVisualStudioVersion = 10.0.40219.1
Project("{8BC9CEB8-8B4A-11D0-8D11-00A0C91BC942}") = "CPPTaskManager", "CPPTaskManager\CPPTaskManager.vcxproj", "{A65EE756-59E3-4444-9DE5-9A6B0ADD88C4}"
EndProject
Global
	GlobalSection(SolutionConfigurationPlatforms) = preSolution
		Debug|x64 = Debug|x64
		Debug|x86 = Debug|x86
		Release|x64 = Release|x64
		Release|x86 = Release|x86
	EndGlobalSection
	GlobalSection(ProjectConfigurationPlatforms) = postSolution
		{A65EE756-59E3-4444-9DE5-9A6B0ADD88C4}.Debug|x64.ActiveCfg = Debug|x64
		{A65EE756-59E3-4444-9DE5-9A6B0ADD88C4}.Debug|x64.Build.0 = Debug|x64
		{A65EE756-59E3-4444-9DE5-9A6B0ADD88C4}.Debug|x86.ActiveCfg = Debug|Win32
		{A65EE756-59E3-4444-9DE5-9A6B0ADD88C4}.Debug|x86.Build.0 = Debug|Win32
		{A65EE756-59E3-4444-9DE5-9A6B0ADD88C4}.Release|x64.ActiveCfg = Release|x64
		{A65EE756-59E3-4444-9DE5-9A6B0ADD88C4}.Release|x64.Build.0 = Release|x64
		{A65EE756-59E3-4444-9DE5-9A6B0ADD88C4}.Release|x86.ActiveCfg = Release|Win32
		{A65EE756-59E3-4444-9DE5-9A6B0ADD88C4}.Release|x86.Build.0 = Release|Win32
	EndGlobalSection
	GlobalSection(SolutionProperties) = preSolution
		HideSolutionNode = FALSE
	EndGlobalSection
	GlobalSection(ExtensibilityGlobals) = postSolution
		SolutionGuid = {2F4A267A-4151-4B8F-841D-7D576ED703FC}
	EndGlobalSection
EndGlobal
